
Microsoft Visual Studio Solution File, Format Version 12.00
# Visual Studio 2012
Project("{FAE04EC0-301F-11D3-BF4B-00C04F79EFBC}") = "Tetris", "Tetris\Tetris.csproj", "{1A4ADBBA-CF77-41FC-B6A7-298D1F8E0280}"
EndProject
Global
	GlobalSection(SolutionConfigurationPlatforms) = preSolution
		Debug|x86 = Debug|x86
		Release|x86 = Release|x86
	EndGlobalSection
	GlobalSection(ProjectConfigurationPlatforms) = postSolution
		{1A4ADBBA-CF77-41FC-B6A7-298D1F8E0280}.Debug|x86.ActiveCfg = Debug|x86
		{1A4ADBBA-CF77-41FC-B6A7-298D1F8E0280}.Debug|x86.Build.0 = Debug|x86
		{1A4ADBBA-CF77-41FC-B6A7-298D1F8E0280}.Release|x86.ActiveCfg = Release|x86
		{1A4ADBBA-CF77-41FC-B6A7-298D1F8E0280}.Release|x86.Build.0 = Release|x86
	EndGlobalSection
EndGlobal
